# THIS IS AN AUTOGENERATED FILE. DO NOT EDIT THIS FILE DIRECTLY.
# yarn lockfile v1


"@swc/core-android-arm-eabi@1.2.165":
  version "1.2.165"
  resolved "https://npm.yzops.net/@swc%2fcore-android-arm-eabi/-/core-android-arm-eabi-1.2.165.tgz#8fb8a8f15cd0a1d68b0d4056e03701f4027bed0b"
  integrity sha512-DjX1/5qElHOnlrqhefcZsD1LEspJWDLpW31SKv9cNT2T13U76MkcrHi5ePI50NhG/bWDpHuWFWfuEmgcU+mwHA==

"@swc/core-android-arm64@1.2.165":
  version "1.2.165"
  resolved "https://npm.yzops.net/@swc%2fcore-android-arm64/-/core-android-arm64-1.2.165.tgz#14a2f0c3445929ac607a89e389c5dd8754a9fce4"
  integrity sha512-lPgG+td9/JlV3ZQiHZtdtqn+lZzGly+s/VQXfnaXgaHQE4JjWU2B4rhTVkVOQxEYbA/Cd9pszNWWxjJSrXytMA==

"@swc/core-darwin-arm64@1.2.165":
  version "1.2.165"
  resolved "https://npm.yzops.net/@swc%2fcore-darwin-arm64/-/core-darwin-arm64-1.2.165.tgz#296365622287d5019d193480ee7deafc0c1ff94f"
  integrity sha512-O6eFbCD4lZ4ZW2E1a4CsIo3zVTI5Tu2MpTbaVan7LvYyv2RK+tot9xjysVbOx/1nfgYDym9JLHU9gY/ayrdOtA==

"@swc/core-darwin-x64@1.2.165":
  version "1.2.165"
  resolved "https://npm.yzops.net/@swc%2fcore-darwin-x64/-/core-darwin-x64-1.2.165.tgz#4e80d654287f65ea1cb842ca213692ebcaa0cac0"
  integrity sha512-R1WRiDnkmXWBkyNGR09WDq+mCFIujhdUs3e4QiHJih1HY2rKGXU0SZKoqaBTjeVerk/IYXaEnZM3Bx7sb0oyEQ==

"@swc/core-freebsd-x64@1.2.165":
  version "1.2.165"
  resolved "https://npm.yzops.net/@swc%2fcore-freebsd-x64/-/core-freebsd-x64-1.2.165.tgz#7f37255bad9958ef90e6367b7f3f9a329f913983"
  integrity sha512-bL7Jxy2is/+YLZedQsF5a7swpbq9RGsvtXJmx5Bi0JqaavqWpbICmQtTr9I2S97taw16S/k8vOJ6DPzEvgJWWQ==

"@swc/core-linux-arm-gnueabihf@1.2.165":
  version "1.2.165"
  resolved "https://npm.yzops.net/@swc%2fcore-linux-arm-gnueabihf/-/core-linux-arm-gnueabihf-1.2.165.tgz#bd576c091b0d76a8250d540b4d570cd12cfd9d2d"
  integrity sha512-6m+X7a0iw5G97WfkJBKNy7/KfSEivRVRHbWB4VvJgRanNIO4tb//LxlUJFn58frQJg+H7bMFyOXhDJ/taRYAyg==

"@swc/core-linux-arm64-gnu@1.2.165":
  version "1.2.165"
  resolved "https://npm.yzops.net/@swc%2fcore-linux-arm64-gnu/-/core-linux-arm64-gnu-1.2.165.tgz#9f3c6e4cdffa2084aa8ec24c36f5d1e69b408b78"
  integrity sha512-4roZScf8UZLhKTYBEqqbTNasZPqs3zDA2LF+SJuc4eFUGJyyrl9KgeVC08vTMtkAI47EebT15FgcQ+9LhtMlkg==

"@swc/core-linux-arm64-musl@1.2.165":
  version "1.2.165"
  resolved "https://npm.yzops.net/@swc%2fcore-linux-arm64-musl/-/core-linux-arm64-musl-1.2.165.tgz#a99234b7c543b692d28dc66dbceec45cd3597a48"
  integrity sha512-xM5MDECEnptdsClSitld/f+azudbkeT8nNCkXCP+vFsurex9ISJ2DCWTvw7hgpkFElVv/qFEagDCucgESHcUzw==

"@swc/core-linux-x64-gnu@1.2.165":
  version "1.2.165"
  resolved "https://npm.yzops.net/@swc%2fcore-linux-x64-gnu/-/core-linux-x64-gnu-1.2.165.tgz#646b0dfaf673ae7d6eeace5a8b62a7d1d6b82b45"
  integrity sha512-MTEhtso3De+HP+qZKZw1DfPTbngn4ms3+7XG6jqUs6CKpmLTJkvnpPJ5swlXGvpKyDq367O2Aicft52Uoaoq+Q==

"@swc/core-linux-x64-musl@1.2.165":
  version "1.2.165"
  resolved "https://npm.yzops.net/@swc%2fcore-linux-x64-musl/-/core-linux-x64-musl-1.2.165.tgz#42fc808aa176c6615064e6fd171f0ea6775105bd"
  integrity sha512-T2ZSApYoK4VTMTTqhUKcrNcv68ChoAOZDKUNfOik8zXcN1pMttus/VaqfZjxT2+orviRTD5Bkdsc3UvrhHqHnw==

"@swc/core-win32-arm64-msvc@1.2.165":
  version "1.2.165"
  resolved "https://npm.yzops.net/@swc%2fcore-win32-arm64-msvc/-/core-win32-arm64-msvc-1.2.165.tgz#932056556bb5fcc062075a3cbed9281961abd170"
  integrity sha512-Icg6dtQpQZKjAUG6kME4WuYpG6cqZjUzzmiZPQ9wWOw7wY8EYFPwC2ZjTg8KwbOJFkAKN6cjk3O2IAFsOWuUGg==

"@swc/core-win32-ia32-msvc@1.2.165":
  version "1.2.165"
  resolved "https://npm.yzops.net/@swc%2fcore-win32-ia32-msvc/-/core-win32-ia32-msvc-1.2.165.tgz#66660c20beec35b777e9bade6c4b9ef4b8eb4e6d"
  integrity sha512-ldrTYG1zydyJP54YmYie3VMGcU7gCT2dZ7S1uZ1Tab+10GzZtdvePGGlQ/39jJVpr36/DZ34L6PsjwQkPG7AOw==

"@swc/core-win32-x64-msvc@1.2.165":
  version "1.2.165"
  resolved "https://npm.yzops.net/@swc%2fcore-win32-x64-msvc/-/core-win32-x64-msvc-1.2.165.tgz#ea864711b177ce20bf9028ba55d13c531897afae"
  integrity sha512-gi2ZELsRLC3RfQFk+qwccL0VZ6ZgprMOP/phCVd8sA2MZsVVrFu6QBEJNGO0Z6hEqQ2BWrva6+cMF/eHSzuAsQ==

"@swc/core@^1.2.147":
  version "1.2.165"
  resolved "https://npm.yzops.net/@swc%2fcore/-/core-1.2.165.tgz#bb12edd47ce556a0fd3405869cfe7c245957caf9"
  integrity sha512-+Z/FquMEUQLOOVWJY4B2QnHvcAIgBKKJMVtVQLVlIwfC4Ez8OvzGPTfL1W4ixYlUoIaTbAd1956kjBXalr4wEg==
  optionalDependencies:
    "@swc/core-android-arm-eabi" "1.2.165"
    "@swc/core-android-arm64" "1.2.165"
    "@swc/core-darwin-arm64" "1.2.165"
    "@swc/core-darwin-x64" "1.2.165"
    "@swc/core-freebsd-x64" "1.2.165"
    "@swc/core-linux-arm-gnueabihf" "1.2.165"
    "@swc/core-linux-arm64-gnu" "1.2.165"
    "@swc/core-linux-arm64-musl" "1.2.165"
    "@swc/core-linux-x64-gnu" "1.2.165"
    "@swc/core-linux-x64-musl" "1.2.165"
    "@swc/core-win32-arm64-msvc" "1.2.165"
    "@swc/core-win32-ia32-msvc" "1.2.165"
    "@swc/core-win32-x64-msvc" "1.2.165"

browser-md5-file@^1.1.1:
  version "1.1.1"
  resolved "https://npm.yzops.net/browser-md5-file/-/browser-md5-file-1.1.1.tgz#247d63527f662d9667adecbe61808b4961b90dc6"
  integrity sha512-9h2UViTtZPhBa7oHvp5mb7MvJaX5OKEPUsplDwJ800OIV+In7BOR3RXOMB78obn2iQVIiS3WkVLhG7Zu1EMwbw==
  dependencies:
    spark-md5 "^2.0.2"

esbuild-android-64@0.14.36:
  version "0.14.36"
  resolved "https://npm.yzops.net/esbuild-android-64/-/esbuild-android-64-0.14.36.tgz#fc5f95ce78c8c3d790fa16bc71bd904f2bb42aa1"
  integrity sha512-jwpBhF1jmo0tVCYC/ORzVN+hyVcNZUWuozGcLHfod0RJCedTDTvR4nwlTXdx1gtncDqjk33itjO+27OZHbiavw==

esbuild-android-arm64@0.14.36:
  version "0.14.36"
  resolved "https://npm.yzops.net/esbuild-android-arm64/-/esbuild-android-arm64-0.14.36.tgz#44356fbb9f8de82a5cdf11849e011dfb3ad0a8a8"
  integrity sha512-/hYkyFe7x7Yapmfv4X/tBmyKnggUmdQmlvZ8ZlBnV4+PjisrEhAvC3yWpURuD9XoB8Wa1d5dGkTsF53pIvpjsg==

esbuild-darwin-64@0.14.36:
  version "0.14.36"
  resolved "https://npm.yzops.net/esbuild-darwin-64/-/esbuild-darwin-64-0.14.36.tgz#3d9324b21489c70141665c2e740d6e84f16f725d"
  integrity sha512-kkl6qmV0dTpyIMKagluzYqlc1vO0ecgpviK/7jwPbRDEv5fejRTaBBEE2KxEQbTHcLhiiDbhG7d5UybZWo/1zQ==

esbuild-darwin-arm64@0.14.36:
  version "0.14.36"
  resolved "https://npm.yzops.net/esbuild-darwin-arm64/-/esbuild-darwin-arm64-0.14.36.tgz#2a8040c2e465131e5281034f3c72405e643cb7b2"
  integrity sha512-q8fY4r2Sx6P0Pr3VUm//eFYKVk07C5MHcEinU1BjyFnuYz4IxR/03uBbDwluR6ILIHnZTE7AkTUWIdidRi1Jjw==

esbuild-freebsd-64@0.14.36:
  version "0.14.36"
  resolved "https://npm.yzops.net/esbuild-freebsd-64/-/esbuild-freebsd-64-0.14.36.tgz#d82c387b4d01fe9e8631f97d41eb54f2dbeb68a3"
  integrity sha512-Hn8AYuxXXRptybPqoMkga4HRFE7/XmhtlQjXFHoAIhKUPPMeJH35GYEUWGbjteai9FLFvBAjEAlwEtSGxnqWww==

esbuild-freebsd-arm64@0.14.36:
  version "0.14.36"
  resolved "https://npm.yzops.net/esbuild-freebsd-arm64/-/esbuild-freebsd-arm64-0.14.36.tgz#e8ce2e6c697da6c7ecd0cc0ac821d47c5ab68529"
  integrity sha512-S3C0attylLLRiCcHiJd036eDEMOY32+h8P+jJ3kTcfhJANNjP0TNBNL30TZmEdOSx/820HJFgRrqpNAvTbjnDA==

esbuild-linux-32@0.14.36:
  version "0.14.36"
  resolved "https://npm.yzops.net/esbuild-linux-32/-/esbuild-linux-32-0.14.36.tgz#a4a261e2af91986ea62451f2db712a556cb38a15"
  integrity sha512-Eh9OkyTrEZn9WGO4xkI3OPPpUX7p/3QYvdG0lL4rfr73Ap2HAr6D9lP59VMF64Ex01LhHSXwIsFG/8AQjh6eNw==

esbuild-linux-64@0.14.36:
  version "0.14.36"
  resolved "https://npm.yzops.net/esbuild-linux-64/-/esbuild-linux-64-0.14.36.tgz#4a9500f9197e2c8fcb884a511d2c9d4c2debde72"
  integrity sha512-vFVFS5ve7PuwlfgoWNyRccGDi2QTNkQo/2k5U5ttVD0jRFaMlc8UQee708fOZA6zTCDy5RWsT5MJw3sl2X6KDg==

esbuild-linux-arm64@0.14.36:
  version "0.14.36"
  resolved "https://npm.yzops.net/esbuild-linux-arm64/-/esbuild-linux-arm64-0.14.36.tgz#c91c21e25b315464bd7da867365dd1dae14ca176"
  integrity sha512-24Vq1M7FdpSmaTYuu1w0Hdhiqkbto1I5Pjyi+4Cdw5fJKGlwQuw+hWynTcRI/cOZxBcBpP21gND7W27gHAiftw==

esbuild-linux-arm@0.14.36:
  version "0.14.36"
  resolved "https://npm.yzops.net/esbuild-linux-arm/-/esbuild-linux-arm-0.14.36.tgz#90e23bca2e6e549affbbe994f80ba3bb6c4d934a"
  integrity sha512-NhgU4n+NCsYgt7Hy61PCquEz5aevI6VjQvxwBxtxrooXsxt5b2xtOUXYZe04JxqQo+XZk3d1gcr7pbV9MAQ/Lg==

esbuild-linux-mips64le@0.14.36:
  version "0.14.36"
  resolved "https://npm.yzops.net/esbuild-linux-mips64le/-/esbuild-linux-mips64le-0.14.36.tgz#40e11afb08353ff24709fc89e4db0f866bc131d2"
  integrity sha512-hZUeTXvppJN+5rEz2EjsOFM9F1bZt7/d2FUM1lmQo//rXh1RTFYzhC0txn7WV0/jCC7SvrGRaRz0NMsRPf8SIA==

esbuild-linux-ppc64le@0.14.36:
  version "0.14.36"
  resolved "https://npm.yzops.net/esbuild-linux-ppc64le/-/esbuild-linux-ppc64le-0.14.36.tgz#9e8a588c513d06cc3859f9dcc52e5fdfce8a1a5e"
  integrity sha512-1Bg3QgzZjO+QtPhP9VeIBhAduHEc2kzU43MzBnMwpLSZ890azr4/A9Dganun8nsqD/1TBcqhId0z4mFDO8FAvg==

esbuild-linux-riscv64@0.14.36:
  version "0.14.36"
  resolved "https://npm.yzops.net/esbuild-linux-riscv64/-/esbuild-linux-riscv64-0.14.36.tgz#e578c09b23b3b97652e60e3692bfda628b541f06"
  integrity sha512-dOE5pt3cOdqEhaufDRzNCHf5BSwxgygVak9UR7PH7KPVHwSTDAZHDoEjblxLqjJYpc5XaU9+gKJ9F8mp9r5I4A==

esbuild-linux-s390x@0.14.36:
  version "0.14.36"
  resolved "https://npm.yzops.net/esbuild-linux-s390x/-/esbuild-linux-s390x-0.14.36.tgz#3c9dab40d0d69932ffded0fd7317bb403626c9bc"
  integrity sha512-g4FMdh//BBGTfVHjF6MO7Cz8gqRoDPzXWxRvWkJoGroKA18G9m0wddvPbEqcQf5Tbt2vSc1CIgag7cXwTmoTXg==

esbuild-netbsd-64@0.14.36:
  version "0.14.36"
  resolved "https://npm.yzops.net/esbuild-netbsd-64/-/esbuild-netbsd-64-0.14.36.tgz#e27847f6d506218291619b8c1e121ecd97628494"
  integrity sha512-UB2bVImxkWk4vjnP62ehFNZ73lQY1xcnL5ZNYF3x0AG+j8HgdkNF05v67YJdCIuUJpBuTyCK8LORCYo9onSW+A==

esbuild-openbsd-64@0.14.36:
  version "0.14.36"
  resolved "https://npm.yzops.net/esbuild-openbsd-64/-/esbuild-openbsd-64-0.14.36.tgz#c94c04c557fae516872a586eae67423da6d2fabb"
  integrity sha512-NvGB2Chf8GxuleXRGk8e9zD3aSdRO5kLt9coTQbCg7WMGXeX471sBgh4kSg8pjx0yTXRt0MlrUDnjVYnetyivg==

esbuild-sunos-64@0.14.36:
  version "0.14.36"
  resolved "https://npm.yzops.net/esbuild-sunos-64/-/esbuild-sunos-64-0.14.36.tgz#9b79febc0df65a30f1c9bd63047d1675511bf99d"
  integrity sha512-VkUZS5ftTSjhRjuRLp+v78auMO3PZBXu6xl4ajomGenEm2/rGuWlhFSjB7YbBNErOchj51Jb2OK8lKAo8qdmsQ==

esbuild-windows-32@0.14.36:
  version "0.14.36"
  resolved "https://npm.yzops.net/esbuild-windows-32/-/esbuild-windows-32-0.14.36.tgz#910d11936c8d2122ffdd3275e5b28d8a4e1240ec"
  integrity sha512-bIar+A6hdytJjZrDxfMBUSEHHLfx3ynoEZXx/39nxy86pX/w249WZm8Bm0dtOAByAf4Z6qV0LsnTIJHiIqbw0w==

esbuild-windows-64@0.14.36:
  version "0.14.36"
  resolved "https://npm.yzops.net/esbuild-windows-64/-/esbuild-windows-64-0.14.36.tgz#21b4ce8b42a4efc63f4b58ec617f1302448aad26"
  integrity sha512-+p4MuRZekVChAeueT1Y9LGkxrT5x7YYJxYE8ZOTcEfeUUN43vktSn6hUNsvxzzATrSgq5QqRdllkVBxWZg7KqQ==

esbuild-windows-arm64@0.14.36:
  version "0.14.36"
  resolved "https://npm.yzops.net/esbuild-windows-arm64/-/esbuild-windows-arm64-0.14.36.tgz#ba21546fecb7297667d0052d00150de22c044b24"
  integrity sha512-fBB4WlDqV1m18EF/aheGYQkQZHfPHiHJSBYzXIo8yKehek+0BtBwo/4PNwKGJ5T0YK0oc8pBKjgwPbzSrPLb+Q==

esbuild@^0.14.27:
  version "0.14.36"
  resolved "https://npm.yzops.net/esbuild/-/esbuild-0.14.36.tgz#0023a73eab57886ac5605df16ee421e471a971b3"
  integrity sha512-HhFHPiRXGYOCRlrhpiVDYKcFJRdO0sBElZ668M4lh2ER0YgnkLxECuFe7uWCf23FrcLc59Pqr7dHkTqmRPDHmw==
  optionalDependencies:
    esbuild-android-64 "0.14.36"
    esbuild-android-arm64 "0.14.36"
    esbuild-darwin-64 "0.14.36"
    esbuild-darwin-arm64 "0.14.36"
    esbuild-freebsd-64 "0.14.36"
    esbuild-freebsd-arm64 "0.14.36"
    esbuild-linux-32 "0.14.36"
    esbuild-linux-64 "0.14.36"
    esbuild-linux-arm "0.14.36"
    esbuild-linux-arm64 "0.14.36"
    esbuild-linux-mips64le "0.14.36"
    esbuild-linux-ppc64le "0.14.36"
    esbuild-linux-riscv64 "0.14.36"
    esbuild-linux-s390x "0.14.36"
    esbuild-netbsd-64 "0.14.36"
    esbuild-openbsd-64 "0.14.36"
    esbuild-sunos-64 "0.14.36"
    esbuild-windows-32 "0.14.36"
    esbuild-windows-64 "0.14.36"
    esbuild-windows-arm64 "0.14.36"

fsevents@~2.3.2:
  version "2.3.2"
  resolved "https://npm.yzops.net/fsevents/-/fsevents-2.3.2.tgz#8a526f78b8fdf4623b709e0b975c52c24c02fd1a"
  integrity sha1-ilJveLj99GI7cJ4Ll1xSwkwC/Ro=

function-bind@^1.1.1:
  version "1.1.1"
  resolved "https://npm.yzops.net/function-bind/-/function-bind-1.1.1.tgz#a56899d3ea3c9bab874bb9773b7c5ede92f4895d"
  integrity sha1-pWiZ0+o8m6uHS7l3O3xe3pL0iV0=

has@^1.0.3:
  version "1.0.3"
  resolved "https://npm.yzops.net/has/-/has-1.0.3.tgz#722d7cbfc1f6aa8241f16dd814e011e1f41e8796"
  integrity sha1-ci18v8H2qoJB8W3YFOAR4fQeh5Y=
  dependencies:
    function-bind "^1.1.1"

is-core-module@^2.8.1:
  version "2.8.1"
  resolved "https://npm.yzops.net/is-core-module/-/is-core-module-2.8.1.tgz#f59fdfca701d5879d0a6b100a40aa1560ce27211"
  integrity sha512-SdNCUs284hr40hFTFP6l0IfZ/RSrMXF3qgoRHd3/79unUTvrFO/JoXwkGm+5J/Oe3E/b5GsnG330uUNgRpu1PA==
  dependencies:
    has "^1.0.3"

nanoid@^3.3.1:
  version "3.3.2"
  resolved "https://npm.yzops.net/nanoid/-/nanoid-3.3.2.tgz#c89622fafb4381cd221421c69ec58547a1eec557"
  integrity sha512-CuHBogktKwpm5g2sRgv83jEy2ijFzBwMoYA60orPDR7ynsLijJDqgsi4RDGj3OJpy3Ieb+LYwiRmIOGyytgITA==

path-parse@^1.0.7:
  version "1.0.7"
  resolved "https://npm.yzops.net/path-parse/-/path-parse-1.0.7.tgz#fbc114b60ca42b30d9daf5858e4bd68bbedb6735"
  integrity sha512-LDJzPVEEEPR+y48z93A0Ed0yXb8pAByGWo/k5YYdYgpY2/2EsOsksJrq7lOHxryrVOn1ejG6oAp8ahvOIQD8sw==

picocolors@^1.0.0:
  version "1.0.0"
  resolved "https://npm.yzops.net/picocolors/-/picocolors-1.0.0.tgz#cb5bdc74ff3f51892236eaf79d68bc44564ab81c"
  integrity sha512-1fygroTLlHu66zi26VoTDv8yRgm0Fccecssto+MhsZ0D/DGW2sm8E8AjW7NU5VVTRt5GxbeZ5qBuJr+HyLYkjQ==

postcss@^8.4.12:
  version "8.4.12"
  resolved "https://npm.yzops.net/postcss/-/postcss-8.4.12.tgz#1e7de78733b28970fa4743f7da6f3763648b1905"
  integrity sha512-lg6eITwYe9v6Hr5CncVbK70SoioNQIq81nsaG86ev5hAidQvmOeETBqs7jm43K2F5/Ley3ytDtriImV6TpNiSg==
  dependencies:
    nanoid "^3.3.1"
    picocolors "^1.0.0"
    source-map-js "^1.0.2"

resolve@^1.22.0:
  version "1.22.0"
  resolved "https://npm.yzops.net/resolve/-/resolve-1.22.0.tgz#5e0b8c67c15df57a89bdbabe603a002f21731198"
  integrity sha512-Hhtrw0nLeSrFQ7phPp4OOcVjLPIeMnRlr5mcnVuMe7M/7eBn98A3hmFRLoFo3DLZkivSYwhRUJTyPyWAk56WLw==
  dependencies:
    is-core-module "^2.8.1"
    path-parse "^1.0.7"
    supports-preserve-symlinks-flag "^1.0.0"

rollup@^2.59.0:
  version "2.70.1"
  resolved "https://npm.yzops.net/rollup/-/rollup-2.70.1.tgz#824b1f1f879ea396db30b0fc3ae8d2fead93523e"
  integrity sha512-CRYsI5EuzLbXdxC6RnYhOuRdtz4bhejPMSWjsFLfVM/7w/85n2szZv6yExqUXsBdz5KT8eoubeyDUDjhLHEslA==
  optionalDependencies:
    fsevents "~2.3.2"

source-map-js@^1.0.2:
  version "1.0.2"
  resolved "https://npm.yzops.net/source-map-js/-/source-map-js-1.0.2.tgz#adbc361d9c62df380125e7f161f71c826f1e490c"
  integrity sha512-R0XvVJ9WusLiqTCEiGCmICCMplcCkIwwR11mOSD9CR5u+IXYdiseeEuXCVAjS54zqwkLcPNnmU4OeJ6tUrWhDw==

spark-md5@^2.0.2:
  version "2.0.2"
  resolved "https://npm.yzops.net/spark-md5/-/spark-md5-2.0.2.tgz#37b763847763ae7e7acef2ca5233d01e649a78b7"
  integrity sha1-N7djhHdjrn56zvLKUjPQHmSaeLc=

supports-preserve-symlinks-flag@^1.0.0:
  version "1.0.0"
  resolved "https://npm.yzops.net/supports-preserve-symlinks-flag/-/supports-preserve-symlinks-flag-1.0.0.tgz#6eda4bd344a3c94aea376d4cc31bc77311039e09"
  integrity sha512-ot0WnXS9fgdkgIcePe6RHNk1WA8+muPa6cSjeR3V8K27q9BB1rTE3R1p7Hv0z1ZyAc8s6Vvv8DIyWf681MAt0w==

typescript@^4.6.3:
  version "4.6.3"
  resolved "https://npm.yzops.net/typescript/-/typescript-4.6.3.tgz#eefeafa6afdd31d725584c67a0eaba80f6fc6c6c"
  integrity sha512-yNIatDa5iaofVozS/uQJEl3JRWLKKGJKh6Yaiv0GLGSuhpFJe7P3SbHZ8/yjAHRQwKRoA6YZqlfjXWmVzoVSMw==

vite-plugin-top-level-await@^0.0.4:
  version "0.0.4"
  resolved "https://npm.yzops.net/vite-plugin-top-level-await/-/vite-plugin-top-level-await-0.0.4.tgz#dd649679b4bee01d51f4d9f668e3f2b4227a5234"
  integrity sha512-mnWjvO+G0LxyZ8PyjJ7R3mWSGJGJy1EoHTiS5G84Sy3dBW4SJTa+zjWBlMrRn57RhRYVekA2dZ9zVzlAwcRAbw==
  dependencies:
    "@swc/core" "^1.2.147"

vite-plugin-wasm@^0.0.2:
  version "0.0.2"
  resolved "https://npm.yzops.net/vite-plugin-wasm/-/vite-plugin-wasm-0.0.2.tgz#36279c667f1c1cc406c34428e58e57853a43e57a"
  integrity sha512-tZmwp8Mj7RhicenZeDYw9VXbuT+9u85FFiBIvNbdbhiF1cDJqdV44P1ia8a1nGCbN+Dz4Aq+t6fun1eUs3EJ6Q==

vite@^2.9.1:
  version "2.9.1"
  resolved "https://npm.yzops.net/vite/-/vite-2.9.1.tgz#84bce95fae210a7beb566a0af06246748066b48f"
  integrity sha512-vSlsSdOYGcYEJfkQ/NeLXgnRv5zZfpAsdztkIrs7AZHV8RCMZQkwjo4DS5BnrYTqoWqLoUe1Cah4aVO4oNNqCQ==
  dependencies:
    esbuild "^0.14.27"
    postcss "^8.4.12"
    resolve "^1.22.0"
    rollup "^2.59.0"
  optionalDependencies:
    fsevents "~2.3.2"
